
Microsoft Visual Studio Solution File, Format Version 12.00
# Visual Studio Version 17
VisualStudioVersion = 17.11.35222.181
MinimumVisualStudioVersion = 10.0.40219.1
Project("{8BC9CEB8-8B4A-11D0-8D11-00A0C91BC942}") = "Latexcpp_Demo", "Latexcpp_Demo\Latexcpp_Demo.vcxproj", "{83B7C1AF-79D9-4620-847A-A627092C51AB}"
EndProject
Global
	GlobalSection(SolutionConfigurationPlatforms) = preSolution
		Debug|x64 = Debug|x64
		Debug|x86 = Debug|x86
		Release|x64 = Release|x64
		Release|x86 = Release|x86
	EndGlobalSection
	GlobalSection(ProjectConfigurationPlatforms) = postSolution
		{83B7C1AF-79D9-4620-847A-A627092C51AB}.Debug|x64.ActiveCfg = Debug|x64
		{83B7C1AF-79D9-4620-847A-A627092C51AB}.Debug|x64.Build.0 = Debug|x64
		{83B7C1AF-79D9-4620-847A-A627092C51AB}.Debug|x86.ActiveCfg = Debug|Win32
		{83B7C1AF-79D9-4620-847A-A627092C51AB}.Debug|x86.Build.0 = Debug|Win32
		{83B7C1AF-79D9-4620-847A-A627092C51AB}.Release|x64.ActiveCfg = Release|x64
		{83B7C1AF-79D9-4620-847A-A627092C51AB}.Release|x64.Build.0 = Release|x64
		{83B7C1AF-79D9-4620-847A-A627092C51AB}.Release|x86.ActiveCfg = Release|Win32
		{83B7C1AF-79D9-4620-847A-A627092C51AB}.Release|x86.Build.0 = Release|Win32
	EndGlobalSection
	GlobalSection(SolutionProperties) = preSolution
		HideSolutionNode = FALSE
	EndGlobalSection
	GlobalSection(ExtensibilityGlobals) = postSolution
		SolutionGuid = {4BFFB060-0353-4A96-A882-F470A919682F}
	EndGlobalSection
EndGlobal
